
Microsoft Visual Studio Solution File, Format Version 12.00
# Visual Studio Version 17
VisualStudioVersion = 17.9.34902.65
MinimumVisualStudioVersion = 10.0.40219.1
Project("{9A19103F-16F7-4668-BE54-9A1E7A4F7556}") = "ContactUs", "ContactUs\ContactUs.csproj", "{CC6E4824-B021-40E8-B2E3-8E55BB3E21EC}"
EndProject
Global
	GlobalSection(SolutionConfigurationPlatforms) = preSolution
		Debug|Any CPU = Debug|Any CPU
		Release|Any CPU = Release|Any CPU
	EndGlobalSection
	GlobalSection(ProjectConfigurationPlatforms) = postSolution
		{CC6E4824-B021-40E8-B2E3-8E55BB3E21EC}.Debug|Any CPU.ActiveCfg = Debug|Any CPU
		{CC6E4824-B021-40E8-B2E3-8E55BB3E21EC}.Debug|Any CPU.Build.0 = Debug|Any CPU
		{CC6E4824-B021-40E8-B2E3-8E55BB3E21EC}.Release|Any CPU.ActiveCfg = Release|Any CPU
		{CC6E4824-B021-40E8-B2E3-8E55BB3E21EC}.Release|Any CPU.Build.0 = Release|Any CPU
	EndGlobalSection
	GlobalSection(SolutionProperties) = preSolution
		HideSolutionNode = FALSE
	EndGlobalSection
	GlobalSection(ExtensibilityGlobals) = postSolution
		SolutionGuid = {6A9E9889-7023-4A69-935D-D090D77B814C}
	EndGlobalSection
EndGlobal
